lockfileVersion: '6.0'

settings:
  autoInstallPeers: true
  excludeLinksFromLockfile: false

importers:

  .: {}

  packages/monorepo-release:
    dependencies:
      '@changesets/get-dependents-graph':
        specifier: ^1.3.6
        version: 1.3.6
      '@commitlint/parse':
        specifier: 17.7.0
        version: 17.7.0
      '@manypkg/get-packages':
        specifier: ^2.2.0
        version: 2.2.0
      git-log-parser:
        specifier: 1.2.0
        version: 1.2.0
      semver:
        specifier: 7.5.4
        version: 7.5.4
      stream-to-array:
        specifier: 2.3.0
        version: 2.3.0
      yoctocolors:
        specifier: ^1.0.0
        version: 1.0.0
    devDependencies:
      '@types/node':
        specifier: 20.8.0
        version: 20.8.0
      '@types/semver':
        specifier: 7.5.3
        version: 7.5.3
      prettier:
        specifier: 3.0.3
        version: 3.0.3
      type-fest:
        specifier: 4.3.3
        version: 4.3.3
      typescript:
        specifier: 5.2.2
        version: 5.2.2

  packages/test:
    dependencies:
      '@balazsorban/monorepo-release':
        specifier: workspace:*
        version: link:../monorepo-release

packages:

  /@babel/code-frame@7.22.13:
    resolution: {integrity: sha512-XktuhWlJ5g+3TJXc5upd9Ks1HutSArik6jf2eAjYFyIOf4ej3RN+184cZbzDvbPnuTJIUhPKKJE3cIsYTiAT3w==}
    engines: {node: '>=6.9.0'}
    dependencies:
      '@babel/highlight': 7.22.20
      chalk: 2.4.2
    dev: false

  /@babel/helper-validator-identifier@7.22.20:
    resolution: {integrity: sha512-Y4OZ+ytlatR8AI+8KZfKuL5urKp7qey08ha31L8b3BwewJAoJamTzyvxPR/5D+KkdJCGPq/+8TukHBlY10FX9A==}
    engines: {node: '>=6.9.0'}
    dev: false

  /@babel/highlight@7.22.20:
    resolution: {integrity: sha512-dkdMCN3py0+ksCgYmGG8jKeGA/8Tk+gJwSYYlFGxG5lmhfKNoAy004YpLxpS1W2J8m/EK2Ew+yOs9pVRwO89mg==}
    engines: {node: '>=6.9.0'}
    dependencies:
      '@babel/helper-validator-identifier': 7.22.20
      chalk: 2.4.2
      js-tokens: 4.0.0
    dev: false

  /@babel/runtime@7.23.1:
    resolution: {integrity: sha512-hC2v6p8ZSI/W0HUzh3V8C5g+NwSKzKPtJwSpTjwl0o297GP9+ZLQSkdvHz46CM3LqyoXxq+5G9komY+eSqSO0g==}
    engines: {node: '>=6.9.0'}
    dependencies:
      regenerator-runtime: 0.14.0
    dev: false

  /@changesets/get-dependents-graph@1.3.6:
    resolution: {integrity: sha512-Q/sLgBANmkvUm09GgRsAvEtY3p1/5OCzgBE5vX3vgb5CvW0j7CEljocx5oPXeQSNph6FXulJlXV3Re/v3K3P3Q==}
    dependencies:
      '@changesets/types': 5.2.1
      '@manypkg/get-packages': 1.1.3
      chalk: 2.4.2
      fs-extra: 7.0.1
      semver: 7.5.4
    dev: false

  /@changesets/types@4.1.0:
    resolution: {integrity: sha512-LDQvVDv5Kb50ny2s25Fhm3d9QSZimsoUGBsUioj6MC3qbMUCuC8GPIvk/M6IvXx3lYhAs0lwWUQLb+VIEUCECw==}
    dev: false

  /@changesets/types@5.2.1:
    resolution: {integrity: sha512-myLfHbVOqaq9UtUKqR/nZA/OY7xFjQMdfgfqeZIBK4d0hA6pgxArvdv8M+6NUzzBsjWLOtvApv8YHr4qM+Kpfg==}
    dev: false

  /@commitlint/parse@17.7.0:
    resolution: {integrity: sha512-dIvFNUMCUHqq5Abv80mIEjLVfw8QNuA4DS7OWip4pcK/3h5wggmjVnlwGCDvDChkw2TjK1K6O+tAEV78oxjxag==}
    engines: {node: '>=v14'}
    dependencies:
      '@commitlint/types': 17.4.4
      conventional-changelog-angular: 6.0.0
      conventional-commits-parser: 4.0.0
    dev: false

  /@commitlint/types@17.4.4:
    resolution: {integrity: sha512-amRN8tRLYOsxRr6mTnGGGvB5EmW/4DDjLMgiwK3CCVEmN6Sr/6xePGEpWaspKkckILuUORCwe6VfDBw6uj4axQ==}
    engines: {node: '>=v14'}
    dependencies:
      chalk: 4.1.2
    dev: false

  /@manypkg/find-root@1.1.0:
    resolution: {integrity: sha512-mki5uBvhHzO8kYYix/WRy2WX8S3B5wdVSc9D6KcU5lQNglP2yt58/VfLuAK49glRXChosY8ap2oJ1qgma3GUVA==}
    dependencies:
      '@babel/runtime': 7.23.1
      '@types/node': 12.20.55
      find-up: 4.1.0
      fs-extra: 8.1.0
    dev: false

  /@manypkg/find-root@2.2.1:
    resolution: {integrity: sha512-34NlypD5mmTY65cFAK7QPgY5Tzt0qXR4ZRXdg97xAlkiLuwXUPBEXy5Hsqzd+7S2acsLxUz6Cs50rlDZQr4xUA==}
    engines: {node: '>=14.18.0'}
    dependencies:
      '@manypkg/tools': 1.1.0
      find-up: 4.1.0
      fs-extra: 8.1.0
    dev: false

  /@manypkg/get-packages@1.1.3:
    resolution: {integrity: sha512-fo+QhuU3qE/2TQMQmbVMqaQ6EWbMhi4ABWP+O4AM1NqPBuy0OrApV5LO6BrrgnhtAHS2NH6RrVk9OL181tTi8A==}
    dependencies:
      '@babel/runtime': 7.23.1
      '@changesets/types': 4.1.0
      '@manypkg/find-root': 1.1.0
      fs-extra: 8.1.0
      globby: 11.1.0
      read-yaml-file: 1.1.0
    dev: false

  /@manypkg/get-packages@2.2.0:
    resolution: {integrity: sha512-B5p5BXMwhGZKi/syEEAP1eVg5DZ/9LP+MZr0HqfrHLgu9fq0w4ZwH8yVen4JmjrxI2dWS31dcoswYzuphLaRxg==}
    engines: {node: '>=14.18.0'}
    dependencies:
      '@manypkg/find-root': 2.2.1
      '@manypkg/tools': 1.1.0
    dev: false

  /@manypkg/tools@1.1.0:
    resolution: {integrity: sha512-SkAyKAByB9l93Slyg8AUHGuM2kjvWioUTCckT/03J09jYnfEzMO/wSXmEhnKGYs6qx9De8TH4yJCl0Y9lRgnyQ==}
    engines: {node: '>=14.18.0'}
    dependencies:
      fs-extra: 8.1.0
      globby: 11.1.0
      jju: 1.4.0
      read-yaml-file: 1.1.0
    dev: false

  /@nodelib/fs.scandir@2.1.5:
    resolution: {integrity: sha512-vq24Bq3ym5HEQm2NKCr3yXDwjc7vTsEThRDnkp2DK9p1uqLR+DHurm/NOTo0KG7HYHU7eppKZj3MyqYuMBf62g==}
    engines: {node: '>= 8'}
    dependencies:
      '@nodelib/fs.stat': 2.0.5
      run-parallel: 1.2.0
    dev: false

  /@nodelib/fs.stat@2.0.5:
    resolution: {integrity: sha512-RkhPPp2zrqDAQA/2jNhnztcPAlv64XdhIp7a7454A5ovI7Bukxgt7MX7udwAu3zg1DcpPU0rz3VV1SeaqvY4+A==}
    engines: {node: '>= 8'}
    dev: false

  /@nodelib/fs.walk@1.2.8:
    resolution: {integrity: sha512-oGB+UxlgWcgQkgwo8GcEGwemoTFt3FIO9ababBmaGwXIoBKZ+GTy0pP185beGg7Llih/NSHSV2XAs1lnznocSg==}
    engines: {node: '>= 8'}
    dependencies:
      '@nodelib/fs.scandir': 2.1.5
      fastq: 1.15.0
    dev: false

  /@types/minimist@1.2.3:
    resolution: {integrity: sha512-ZYFzrvyWUNhaPomn80dsMNgMeXxNWZBdkuG/hWlUvXvbdUH8ZERNBGXnU87McuGcWDsyzX2aChCv/SVN348k3A==}
    dev: false

  /@types/node@12.20.55:
    resolution: {integrity: sha512-J8xLz7q2OFulZ2cyGTLE1TbbZcjpno7FaN6zdJNrgAdrJ+DZzh/uFR6YrTb4C+nXakvud8Q4+rbhoIWlYQbUFQ==}
    dev: false

  /@types/node@20.8.0:
    resolution: {integrity: sha512-LzcWltT83s1bthcvjBmiBvGJiiUe84NWRHkw+ZV6Fr41z2FbIzvc815dk2nQ3RAKMuN2fkenM/z3Xv2QzEpYxQ==}
    dev: true

  /@types/normalize-package-data@2.4.2:
    resolution: {integrity: sha512-lqa4UEhhv/2sjjIQgjX8B+RBjj47eo0mzGasklVJ78UKGQY1r0VpB9XHDaZZO9qzEFDdy4MrXLuEaSmPrPSe/A==}
    dev: false

  /@types/semver@7.5.3:
    resolution: {integrity: sha512-OxepLK9EuNEIPxWNME+C6WwbRAOOI2o2BaQEGzz5Lu2e4Z5eDnEo+/aVEDMIXywoJitJ7xWd641wrGLZdtwRyw==}
    dev: true

  /JSONStream@1.3.5:
    resolution: {integrity: sha512-E+iruNOY8VV9s4JEbe1aNEm6MiszPRr/UfcHMz0TQh1BXSxHK+ASV1R6W4HpjBhSeS+54PIsAMCBmwD06LLsqQ==}
    hasBin: true
    dependencies:
      jsonparse: 1.3.1
      through: 2.3.8
    dev: false

  /ansi-styles@3.2.1:
    resolution: {integrity: sha512-VT0ZI6kZRdTh8YyJw3SMbYm/u+NqfsAxEpWO0Pf9sq8/e94WxxOpPKx9FR1FlyCtOVDNOQ+8ntlqFxiRc+r5qA==}
    engines: {node: '>=4'}
    dependencies:
      color-convert: 1.9.3
    dev: false

  /ansi-styles@4.3.0:
    resolution: {integrity: sha512-zbB9rCJAT1rbjiVDb2hqKFHNYLxgtk8NURxZ3IZwD3F6NtxbXZQCnnSi1Lkx+IDohdPlFp222wVALIheZJQSEg==}
    engines: {node: '>=8'}
    dependencies:
      color-convert: 2.0.1
    dev: false

  /any-promise@1.3.0:
    resolution: {integrity: sha512-7UvmKalWRt1wgjL1RrGxoSJW/0QZFIegpeGvZG9kjp8vrRu55XTHbwnqq2GpXm9uLbcuhxm3IqX9OB4MZR1b2A==}
    dev: false

  /argparse@1.0.10:
    resolution: {integrity: sha512-o5Roy6tNG4SL/FOkCAN6RzjiakZS25RLYFrcMttJqbdd8BWrnA+fGz57iN5Pb06pvBGvl5gQ0B48dJlslXvoTg==}
    dependencies:
      sprintf-js: 1.0.3
    dev: false

  /argv-formatter@1.0.0:
    resolution: {integrity: sha512-F2+Hkm9xFaRg+GkaNnbwXNDV5O6pnCFEmqyhvfC/Ic5LbgOWjJh3L+mN/s91rxVL3znE7DYVpW0GJFT+4YBgWw==}
    dev: false

  /array-ify@1.0.0:
    resolution: {integrity: sha512-c5AMf34bKdvPhQ7tBGhqkgKNUzMr4WUs+WDtC2ZUGOUncbxKMTvqxYctiseW3+L4bA8ec+GcZ6/A/FW4m8ukng==}
    dev: false

  /array-union@2.1.0:
    resolution: {integrity: sha512-HGyxoOTYUyCM6stUe6EJgnd4EoewAI7zMdfqO+kGjnlZmBDz/cR5pf8r/cR4Wq60sL/p0IkcjUEEPwS3GFrIyw==}
    engines: {node: '>=8'}
    dev: false

  /arrify@1.0.1:
    resolution: {integrity: sha512-3CYzex9M9FGQjCGMGyi6/31c8GJbgb0qGyrx5HWxPd0aCwh4cB2YjMb2Xf9UuoogrMrlO9cTqnB5rI5GHZTcUA==}
    engines: {node: '>=0.10.0'}
    dev: false

  /braces@3.0.2:
    resolution: {integrity: sha512-b8um+L1RzM3WDSzvhm6gIz1yfTbBt6YTlcEKAvsmqCZZFw46z626lVj9j1yEPW33H5H+lBQpZMP1k8l+78Ha0A==}
    engines: {node: '>=8'}
    dependencies:
      fill-range: 7.0.1
    dev: false

  /camelcase-keys@6.2.2:
    resolution: {integrity: sha512-YrwaA0vEKazPBkn0ipTiMpSajYDSe+KjQfrjhcBMxJt/znbvlHd8Pw/Vamaz5EB4Wfhs3SUR3Z9mwRu/P3s3Yg==}
    engines: {node: '>=8'}
    dependencies:
      camelcase: 5.3.1
      map-obj: 4.3.0
      quick-lru: 4.0.1
    dev: false

  /camelcase@5.3.1:
    resolution: {integrity: sha512-L28STB170nwWS63UjtlEOE3dldQApaJXZkOI1uMFfzf3rRuPegHaHesyee+YxQ+W6SvRDQV6UrdOdRiR153wJg==}
    engines: {node: '>=6'}
    dev: false

  /chalk@2.4.2:
    resolution: {integrity: sha512-Mti+f9lpJNcwF4tWV8/OrTTtF1gZi+f8FqlyAdouralcFWFQWF2+NgCHShjkCb+IFBLq9buZwE1xckQU4peSuQ==}
    engines: {node: '>=4'}
    dependencies:
      ansi-styles: 3.2.1
      escape-string-regexp: 1.0.5
      supports-color: 5.5.0
    dev: false

  /chalk@4.1.2:
    resolution: {integrity: sha512-oKnbhFyRIXpUuez8iBMmyEa4nbj4IOQyuhc/wy9kY7/WVPcwIO9VA668Pu8RkO7+0G76SLROeyw9CpQ061i4mA==}
    engines: {node: '>=10'}
    dependencies:
      ansi-styles: 4.3.0
      supports-color: 7.2.0
    dev: false

  /color-convert@1.9.3:
    resolution: {integrity: sha512-QfAUtd+vFdAtFQcC8CCyYt1fYWxSqAiK2cSD6zDB8N3cpsEBAvRxp9zOGg6G/SHHJYAT88/az/IuDGALsNVbGg==}
    dependencies:
      color-name: 1.1.3
    dev: false

  /color-convert@2.0.1:
    resolution: {integrity: sha512-RRECPsj7iu/xb5oKYcsFHSppFNnsj/52OVTRKb4zP5onXwVF3zVmmToNcOfGC+CRDpfK/U584fMg38ZHCaElKQ==}
    engines: {node: '>=7.0.0'}
    dependencies:
      color-name: 1.1.4
    dev: false

  /color-name@1.1.3:
    resolution: {integrity: sha512-72fSenhMw2HZMTVHeCA9KCmpEIbzWiQsjN+BHcBbS9vr1mtt+vJjPdksIBNUmKAW8TFUDPJK5SUU3QhE9NEXDw==}
    dev: false

  /color-name@1.1.4:
    resolution: {integrity: sha512-dOy+3AuW3a2wNbZHIuMZpTcgjGuLU/uBL/ubcZF9OXbDo8ff4O8yVp5Bf0efS8uEoYo5q4Fx7dY9OgQGXgAsQA==}
    dev: false

  /compare-func@2.0.0:
    resolution: {integrity: sha512-zHig5N+tPWARooBnb0Zx1MFcdfpyJrfTJ3Y5L+IFvUm8rM74hHz66z0gw0x4tijh5CorKkKUCnW82R2vmpeCRA==}
    dependencies:
      array-ify: 1.0.0
      dot-prop: 5.3.0
    dev: false

  /conventional-changelog-angular@6.0.0:
    resolution: {integrity: sha512-6qLgrBF4gueoC7AFVHu51nHL9pF9FRjXrH+ceVf7WmAfH3gs+gEYOkvxhjMPjZu57I4AGUGoNTY8V7Hrgf1uqg==}
    engines: {node: '>=14'}
    dependencies:
      compare-func: 2.0.0
    dev: false

  /conventional-commits-parser@4.0.0:
    resolution: {integrity: sha512-WRv5j1FsVM5FISJkoYMR6tPk07fkKT0UodruX4je86V4owk451yjXAKzKAPOs9l7y59E2viHUS9eQ+dfUA9NSg==}
    engines: {node: '>=14'}
    hasBin: true
    dependencies:
      JSONStream: 1.3.5
      is-text-path: 1.0.1
      meow: 8.1.2
      split2: 3.2.2
    dev: false

  /core-util-is@1.0.3:
    resolution: {integrity: sha512-ZQBvi1DcpJ4GDqanjucZ2Hj3wEO5pZDS89BWbkcrvdxksJorwUDDZamX9ldFkp9aw2lmBDLgkObEA4DWNJ9FYQ==}
    dev: false

  /decamelize-keys@1.1.1:
    resolution: {integrity: sha512-WiPxgEirIV0/eIOMcnFBA3/IJZAZqKnwAwWyvvdi4lsr1WCN22nhdf/3db3DoZcUjTV2SqfzIwNyp6y2xs3nmg==}
    engines: {node: '>=0.10.0'}
    dependencies:
      decamelize: 1.2.0
      map-obj: 1.0.1
    dev: false

  /decamelize@1.2.0:
    resolution: {integrity: sha512-z2S+W9X73hAUUki+N+9Za2lBlun89zigOyGrsax+KUQ6wKW4ZoWpEYBkGhQjwAjjDCkWxhY0VKEhk8wzY7F5cA==}
    engines: {node: '>=0.10.0'}
    dev: false

  /dir-glob@3.0.1:
    resolution: {integrity: sha512-WkrWp9GR4KXfKGYzOLmTuGVi1UWFfws377n9cc55/tb6DuqyF6pcQ5AbiHEshaDpY9v6oaSr2XCDidGmMwdzIA==}
    engines: {node: '>=8'}
    dependencies:
      path-type: 4.0.0
    dev: false

  /dot-prop@5.3.0:
    resolution: {integrity: sha512-QM8q3zDe58hqUqjraQOmzZ1LIH9SWQJTlEKCH4kJ2oQvLZk7RbQXvtDM2XEq3fwkV9CCvvH4LA0AV+ogFsBM2Q==}
    engines: {node: '>=8'}
    dependencies:
      is-obj: 2.0.0
    dev: false

  /duplexer2@0.1.4:
    resolution: {integrity: sha512-asLFVfWWtJ90ZyOUHMqk7/S2w2guQKxUI2itj3d92ADHhxUSbCMGi1f1cBcJ7xM1To+pE/Khbwo1yuNbMEPKeA==}
    dependencies:
      readable-stream: 2.3.8
    dev: false

  /error-ex@1.3.2:
    resolution: {integrity: sha512-7dFHNmqeFSEt2ZBsCriorKnn3Z2pj+fd9kmI6QoWw4//DL+icEBfc0U7qJCisqrTsKTjw4fNFy2pW9OqStD84g==}
    dependencies:
      is-arrayish: 0.2.1
    dev: false

  /escape-string-regexp@1.0.5:
    resolution: {integrity: sha512-vbRorB5FUQWvla16U8R/qgaFIya2qGzwDrNmCZuYKrbdSUMG6I1ZCGQRefkRVhuOkIGVne7BQ35DSfo1qvJqFg==}
    engines: {node: '>=0.8.0'}
    dev: false

  /esprima@4.0.1:
    resolution: {integrity: sha512-eGuFFw7Upda+g4p+QHvnW0RyTX/SVeJBDM/gCtMARO0cLuT2HcEKnTPvhjV6aGeqrCB/sbNop0Kszm0jsaWU4A==}
    engines: {node: '>=4'}
    hasBin: true
    dev: false

  /fast-glob@3.3.1:
    resolution: {integrity: sha512-kNFPyjhh5cKjrUltxs+wFx+ZkbRaxxmZ+X0ZU31SOsxCEtP9VPgtq2teZw1DebupL5GmDaNQ6yKMMVcM41iqDg==}
    engines: {node: '>=8.6.0'}
    dependencies:
      '@nodelib/fs.stat': 2.0.5
      '@nodelib/fs.walk': 1.2.8
      glob-parent: 5.1.2
      merge2: 1.4.1
      micromatch: 4.0.5
    dev: false

  /fastq@1.15.0:
    resolution: {integrity: sha512-wBrocU2LCXXa+lWBt8RoIRD89Fi8OdABODa/kEnyeyjS5aZO5/GNvI5sEINADqP/h8M29UHTHUb53sUu5Ihqdw==}
    dependencies:
      reusify: 1.0.4
    dev: false

  /fill-range@7.0.1:
    resolution: {integrity: sha512-qOo9F+dMUmC2Lcb4BbVvnKJxTPjCm+RRpe4gDuGrzkL7mEVl/djYSu2OdQ2Pa302N4oqkSg9ir6jaLWJ2USVpQ==}
    engines: {node: '>=8'}
    dependencies:
      to-regex-range: 5.0.1
    dev: false

  /find-up@4.1.0:
    resolution: {integrity: sha512-PpOwAdQ/YlXQ2vj8a3h8IipDuYRi3wceVQQGYWxNINccq40Anw7BlsEXCMbt1Zt+OLA6Fq9suIpIWD0OsnISlw==}
    engines: {node: '>=8'}
    dependencies:
      locate-path: 5.0.0
      path-exists: 4.0.0
    dev: false

  /fs-extra@7.0.1:
    resolution: {integrity: sha512-YJDaCJZEnBmcbw13fvdAM9AwNOJwOzrE4pqMqBq5nFiEqXUqHwlK4B+3pUw6JNvfSPtX05xFHtYy/1ni01eGCw==}
    engines: {node: '>=6 <7 || >=8'}
    dependencies:
      graceful-fs: 4.2.11
      jsonfile: 4.0.0
      universalify: 0.1.2
    dev: false

  /fs-extra@8.1.0:
    resolution: {integrity: sha512-yhlQgA6mnOJUKOsRUFsgJdQCvkKhcz8tlZG5HBQfReYZy46OwLcY+Zia0mtdHsOo9y/hP+CxMN0TU9QxoOtG4g==}
    engines: {node: '>=6 <7 || >=8'}
    dependencies:
      graceful-fs: 4.2.11
      jsonfile: 4.0.0
      universalify: 0.1.2
    dev: false

  /function-bind@1.1.1:
    resolution: {integrity: sha512-yIovAzMX49sF8Yl58fSCWJ5svSLuaibPxXQJFLmBObTuCr0Mf1KiPopGM9NiFjiYBCbfaa2Fh6breQ6ANVTI0A==}
    dev: false

  /git-log-parser@1.2.0:
    resolution: {integrity: sha512-rnCVNfkTL8tdNryFuaY0fYiBWEBcgF748O6ZI61rslBvr2o7U65c2/6npCRqH40vuAhtgtDiqLTJjBVdrejCzA==}
    dependencies:
      argv-formatter: 1.0.0
      spawn-error-forwarder: 1.0.0
      split2: 1.0.0
      stream-combiner2: 1.1.1
      through2: 2.0.5
      traverse: 0.6.7
    dev: false

  /glob-parent@5.1.2:
    resolution: {integrity: sha512-AOIgSQCepiJYwP3ARnGx+5VnTu2HBYdzbGP45eLw1vr3zB3vZLeyed1sC9hnbcOc9/SrMyM5RPQrkGz4aS9Zow==}
    engines: {node: '>= 6'}
    dependencies:
      is-glob: 4.0.3
    dev: false

  /globby@11.1.0:
    resolution: {integrity: sha512-jhIXaOzy1sb8IyocaruWSn1TjmnBVs8Ayhcy83rmxNJ8q2uWKCAj3CnJY+KpGSXCueAPc0i05kVvVKtP1t9S3g==}
    engines: {node: '>=10'}
    dependencies:
      array-union: 2.1.0
      dir-glob: 3.0.1
      fast-glob: 3.3.1
      ignore: 5.2.4
      merge2: 1.4.1
      slash: 3.0.0
    dev: false

  /graceful-fs@4.2.11:
    resolution: {integrity: sha512-RbJ5/jmFcNNCcDV5o9eTnBLJ/HszWV0P73bc+Ff4nS/rJj+YaS6IGyiOL0VoBYX+l1Wrl3k63h/KrH+nhJ0XvQ==}
    dev: false

  /hard-rejection@2.1.0:
    resolution: {integrity: sha512-VIZB+ibDhx7ObhAe7OVtoEbuP4h/MuOTHJ+J8h/eBXotJYl0fBgR72xDFCKgIh22OJZIOVNxBMWuhAr10r8HdA==}
    engines: {node: '>=6'}
    dev: false

  /has-flag@3.0.0:
    resolution: {integrity: sha512-sKJf1+ceQBr4SMkvQnBDNDtf4TXpVhVGateu0t918bl30FnbE2m4vNLX+VWe/dpjlb+HugGYzW7uQXH98HPEYw==}
    engines: {node: '>=4'}
    dev: false

  /has-flag@4.0.0:
    resolution: {integrity: sha512-EykJT/Q1KjTWctppgIAgfSO0tKVuZUjhgMr17kqTumMl6Afv3EISleU7qZUzoXDFTAHTDC4NOoG/ZxU3EvlMPQ==}
    engines: {node: '>=8'}
    dev: false

  /has@1.0.3:
    resolution: {integrity: sha512-f2dvO0VU6Oej7RkWJGrehjbzMAjFp5/VKPp5tTpWIV4JHHZK1/BxbFRtf/siA2SWTe09caDmVtYYzWEIbBS4zw==}
    engines: {node: '>= 0.4.0'}
    dependencies:
      function-bind: 1.1.1
    dev: false

  /hosted-git-info@2.8.9:
    resolution: {integrity: sha512-mxIDAb9Lsm6DoOJ7xH+5+X4y1LU/4Hi50L9C5sIswK3JzULS4bwk1FvjdBgvYR4bzT4tuUQiC15FE2f5HbLvYw==}
    dev: false

  /hosted-git-info@4.1.0:
    resolution: {integrity: sha512-kyCuEOWjJqZuDbRHzL8V93NzQhwIB71oFWSyzVo+KPZI+pnQPPxucdkrOZvkLRnrf5URsQM+IJ09Dw29cRALIA==}
    engines: {node: '>=10'}
    dependencies:
      lru-cache: 6.0.0
    dev: false

  /ignore@5.2.4:
    resolution: {integrity: sha512-MAb38BcSbH0eHNBxn7ql2NH/kX33OkB3lZ1BNdh7ENeRChHTYsTvWrMubiIAMNS2llXEEgZ1MUOBtXChP3kaFQ==}
    engines: {node: '>= 4'}
    dev: false

  /indent-string@4.0.0:
    resolution: {integrity: sha512-EdDDZu4A2OyIK7Lr/2zG+w5jmbuk1DVBnEwREQvBzspBJkCEbRa8GxU1lghYcaGJCnRWibjDXlq779X1/y5xwg==}
    engines: {node: '>=8'}
    dev: false

  /inherits@2.0.4:
    resolution: {integrity: sha512-k/vGaX4/Yla3WzyMCvTQOXYeIHvqOKtnqBduzTHpzpQZzAskKMhZ2K+EnBiSM9zGSoIFeMpXKxa4dYeZIQqewQ==}
    dev: false

  /is-arrayish@0.2.1:
    resolution: {integrity: sha512-zz06S8t0ozoDXMG+ube26zeCTNXcKIPJZJi8hBrF4idCLms4CG9QtK7qBl1boi5ODzFpjswb5JPmHCbMpjaYzg==}
    dev: false

  /is-core-module@2.13.0:
    resolution: {integrity: sha512-Z7dk6Qo8pOCp3l4tsX2C5ZVas4V+UxwQodwZhLopL91TX8UyyHEXafPcyoeeWuLrwzHcr3igO78wNLwHJHsMCQ==}
    dependencies:
      has: 1.0.3
    dev: false

  /is-extglob@2.1.1:
    resolution: {integrity: sha512-SbKbANkN603Vi4jEZv49LeVJMn4yGwsbzZworEoyEiutsN3nJYdbO36zfhGJ6QEDpOZIFkDtnq5JRxmvl3jsoQ==}
    engines: {node: '>=0.10.0'}
    dev: false

  /is-glob@4.0.3:
    resolution: {integrity: sha512-xelSayHH36ZgE7ZWhli7pW34hNbNl8Ojv5KVmkJD4hBdD3th8Tfk9vYasLM+mXWOZhFkgZfxhLSnrwRr4elSSg==}
    engines: {node: '>=0.10.0'}
    dependencies:
      is-extglob: 2.1.1
    dev: false

  /is-number@7.0.0:
    resolution: {integrity: sha512-41Cifkg6e8TylSpdtTpeLVMqvSBEVzTttHvERD741+pnZ8ANv0004MRL43QKPDlK9cGvNp6NZWZUBlbGXYxxng==}
    engines: {node: '>=0.12.0'}
    dev: false

  /is-obj@2.0.0:
    resolution: {integrity: sha512-drqDG3cbczxxEJRoOXcOjtdp1J/lyp1mNn0xaznRs8+muBhgQcrnbspox5X5fOw0HnMnbfDzvnEMEtqDEJEo8w==}
    engines: {node: '>=8'}
    dev: false

  /is-plain-obj@1.1.0:
    resolution: {integrity: sha512-yvkRyxmFKEOQ4pNXCmJG5AEQNlXJS5LaONXo5/cLdTZdWvsZ1ioJEonLGAosKlMWE8lwUy/bJzMjcw8az73+Fg==}
    engines: {node: '>=0.10.0'}
    dev: false

  /is-text-path@1.0.1:
    resolution: {integrity: sha512-xFuJpne9oFz5qDaodwmmG08e3CawH/2ZV8Qqza1Ko7Sk8POWbkRdwIoAWVhqvq0XeUzANEhKo2n0IXUGBm7A/w==}
    engines: {node: '>=0.10.0'}
    dependencies:
      text-extensions: 1.9.0
    dev: false

  /isarray@1.0.0:
    resolution: {integrity: sha512-VLghIWNM6ELQzo7zwmcg0NmTVyWKYjvIeM83yjp0wRDTmUnrM678fQbcKBo6n2CJEF0szoG//ytg+TKla89ALQ==}
    dev: false

  /jju@1.4.0:
    resolution: {integrity: sha512-8wb9Yw966OSxApiCt0K3yNJL8pnNeIv+OEq2YMidz4FKP6nonSRoOXc80iXY4JaN2FC11B9qsNmDsm+ZOfMROA==}
    dev: false

  /js-tokens@4.0.0:
    resolution: {integrity: sha512-RdJUflcE3cUzKiMqQgsCu06FPu9UdIJO0beYbPhHN4k6apgJtifcoCtT9bcxOpYBtpD2kCM6Sbzg4CausW/PKQ==}
    dev: false

  /js-yaml@3.14.1:
    resolution: {integrity: sha512-okMH7OXXJ7YrN9Ok3/SXrnu4iX9yOk+25nqX4imS2npuvTYDmo/QEZoqwZkYaIDk3jVvBOTOIEgEhaLOynBS9g==}
    hasBin: true
    dependencies:
      argparse: 1.0.10
      esprima: 4.0.1
    dev: false

  /json-parse-even-better-errors@2.3.1:
    resolution: {integrity: sha512-xyFwyhro/JEof6Ghe2iz2NcXoj2sloNsWr/XsERDK/oiPCfaNhl5ONfp+jQdAZRQQ0IJWNzH9zIZF7li91kh2w==}
    dev: false

  /jsonfile@4.0.0:
    resolution: {integrity: sha512-m6F1R3z8jjlf2imQHS2Qez5sjKWQzbuuhuJ/FKYFRZvPE3PuHcSMVZzfsLhGVOkfd20obL5SWEBew5ShlquNxg==}
    optionalDependencies:
      graceful-fs: 4.2.11
    dev: false

  /jsonparse@1.3.1:
    resolution: {integrity: sha512-POQXvpdL69+CluYsillJ7SUhKvytYjW9vG/GKpnf+xP8UWgYEM/RaMzHHofbALDiKbbP1W8UEYmgGl39WkPZsg==}
    engines: {'0': node >= 0.2.0}
    dev: false

  /kind-of@6.0.3:
    resolution: {integrity: sha512-dcS1ul+9tmeD95T+x28/ehLgd9mENa3LsvDTtzm3vyBEO7RPptvAD+t44WVXaUjTBRcrpFeFlC8WCruUR456hw==}
    engines: {node: '>=0.10.0'}
    dev: false

  /lines-and-columns@1.2.4:
    resolution: {integrity: sha512-7ylylesZQ/PV29jhEDl3Ufjo6ZX7gCqJr5F7PKrqc93v7fzSymt1BpwEU8nAUXs8qzzvqhbjhK5QZg6Mt/HkBg==}
    dev: false

  /locate-path@5.0.0:
    resolution: {integrity: sha512-t7hw9pI+WvuwNJXwk5zVHpyhIqzg2qTlklJOf0mVxGSbe3Fp2VieZcduNYjaLDoy6p9uGpQEGWG87WpMKlNq8g==}
    engines: {node: '>=8'}
    dependencies:
      p-locate: 4.1.0
    dev: false

  /lru-cache@6.0.0:
    resolution: {integrity: sha512-Jo6dJ04CmSjuznwJSS3pUeWmd/H0ffTlkXXgwZi+eq1UCmqQwCh+eLsYOYCwY991i2Fah4h1BEMCx4qThGbsiA==}
    engines: {node: '>=10'}
    dependencies:
      yallist: 4.0.0
    dev: false

  /map-obj@1.0.1:
    resolution: {integrity: sha512-7N/q3lyZ+LVCp7PzuxrJr4KMbBE2hW7BT7YNia330OFxIf4d3r5zVpicP2650l7CPN6RM9zOJRl3NGpqSiw3Eg==}
    engines: {node: '>=0.10.0'}
    dev: false

  /map-obj@4.3.0:
    resolution: {integrity: sha512-hdN1wVrZbb29eBGiGjJbeP8JbKjq1urkHJ/LIP/NY48MZ1QVXUsQBV1G1zvYFHn1XE06cwjBsOI2K3Ulnj1YXQ==}
    engines: {node: '>=8'}
    dev: false

  /meow@8.1.2:
    resolution: {integrity: sha512-r85E3NdZ+mpYk1C6RjPFEMSE+s1iZMuHtsHAqY0DT3jZczl0diWUZ8g6oU7h0M9cD2EL+PzaYghhCLzR0ZNn5Q==}
    engines: {node: '>=10'}
    dependencies:
      '@types/minimist': 1.2.3
      camelcase-keys: 6.2.2
      decamelize-keys: 1.1.1
      hard-rejection: 2.1.0
      minimist-options: 4.1.0
      normalize-package-data: 3.0.3
      read-pkg-up: 7.0.1
      redent: 3.0.0
      trim-newlines: 3.0.1
      type-fest: 0.18.1
      yargs-parser: 20.2.9
    dev: false

  /merge2@1.4.1:
    resolution: {integrity: sha512-8q7VEgMJW4J8tcfVPy8g09NcQwZdbwFEqhe/WZkoIzjn/3TGDwtOCYtXGxA3O8tPzpczCCDgv+P2P5y00ZJOOg==}
    engines: {node: '>= 8'}
    dev: false

  /micromatch@4.0.5:
    resolution: {integrity: sha512-DMy+ERcEW2q8Z2Po+WNXuw3c5YaUSFjAO5GsJqfEl7UjvtIuFKO6ZrKvcItdy98dwFI2N1tg3zNIdKaQT+aNdA==}
    engines: {node: '>=8.6'}
    dependencies:
      braces: 3.0.2
      picomatch: 2.3.1
    dev: false

  /min-indent@1.0.1:
    resolution: {integrity: sha512-I9jwMn07Sy/IwOj3zVkVik2JTvgpaykDZEigL6Rx6N9LbMywwUSMtxET+7lVoDLLd3O3IXwJwvuuns8UB/HeAg==}
    engines: {node: '>=4'}
    dev: false

  /minimist-options@4.1.0:
    resolution: {integrity: sha512-Q4r8ghd80yhO/0j1O3B2BjweX3fiHg9cdOwjJd2J76Q135c+NDxGCqdYKQ1SKBuFfgWbAUzBfvYjPUEeNgqN1A==}
    engines: {node: '>= 6'}
    dependencies:
      arrify: 1.0.1
      is-plain-obj: 1.1.0
      kind-of: 6.0.3
    dev: false

  /normalize-package-data@2.5.0:
    resolution: {integrity: sha512-/5CMN3T0R4XTj4DcGaexo+roZSdSFW/0AOOTROrjxzCG1wrWXEsGbRKevjlIL+ZDE4sZlJr5ED4YW0yqmkK+eA==}
    dependencies:
      hosted-git-info: 2.8.9
      resolve: 1.22.6
      semver: 5.7.2
      validate-npm-package-license: 3.0.4
    dev: false

  /normalize-package-data@3.0.3:
    resolution: {integrity: sha512-p2W1sgqij3zMMyRC067Dg16bfzVH+w7hyegmpIvZ4JNjqtGOVAIvLmjBx3yP7YTe9vKJgkoNOPjwQGogDoMXFA==}
    engines: {node: '>=10'}
    dependencies:
      hosted-git-info: 4.1.0
      is-core-module: 2.13.0
      semver: 7.5.4
      validate-npm-package-license: 3.0.4
    dev: false

  /p-limit@2.3.0:
    resolution: {integrity: sha512-//88mFWSJx8lxCzwdAABTJL2MyWB12+eIY7MDL2SqLmAkeKU9qxRvWuSyTjm3FUmpBEMuFfckAIqEaVGUDxb6w==}
    engines: {node: '>=6'}
    dependencies:
      p-try: 2.2.0
    dev: false

  /p-locate@4.1.0:
    resolution: {integrity: sha512-R79ZZ/0wAxKGu3oYMlz8jy/kbhsNrS7SKZ7PxEHBgJ5+F2mtFW2fK2cOtBh1cHYkQsbzFV7I+EoRKe6Yt0oK7A==}
    engines: {node: '>=8'}
    dependencies:
      p-limit: 2.3.0
    dev: false

  /p-try@2.2.0:
    resolution: {integrity: sha512-R4nPAVTAU0B9D35/Gk3uJf/7XYbQcyohSKdvAxIRSNghFl4e71hVoGnBNQz9cWaXxO2I10KTC+3jMdvvoKw6dQ==}
    engines: {node: '>=6'}
    dev: false

  /parse-json@5.2.0:
    resolution: {integrity: sha512-ayCKvm/phCGxOkYRSCM82iDwct8/EonSEgCSxWxD7ve6jHggsFl4fZVQBPRNgQoKiuV/odhFrGzQXZwbifC8Rg==}
    engines: {node: '>=8'}
    dependencies:
      '@babel/code-frame': 7.22.13
      error-ex: 1.3.2
      json-parse-even-better-errors: 2.3.1
      lines-and-columns: 1.2.4
    dev: false

  /path-exists@4.0.0:
    resolution: {integrity: sha512-ak9Qy5Q7jYb2Wwcey5Fpvg2KoAc/ZIhLSLOSBmRmygPsGwkVVt0fZa0qrtMz+m6tJTAHfZQ8FnmB4MG4LWy7/w==}
    engines: {node: '>=8'}
    dev: false

  /path-parse@1.0.7:
    resolution: {integrity: sha512-LDJzPVEEEPR+y48z93A0Ed0yXb8pAByGWo/k5YYdYgpY2/2EsOsksJrq7lOHxryrVOn1ejG6oAp8ahvOIQD8sw==}
    dev: false

  /path-type@4.0.0:
    resolution: {integrity: sha512-gDKb8aZMDeD/tZWs9P6+q0J9Mwkdl6xMV8TjnGP3qJVJ06bdMgkbBlLU8IdfOsIsFz2BW1rNVT3XuNEl8zPAvw==}
    engines: {node: '>=8'}
    dev: false

  /picomatch@2.3.1:
    resolution: {integrity: sha512-JU3teHTNjmE2VCGFzuY8EXzCDVwEqB2a8fsIvwaStHhAWJEeVd1o1QD80CU6+ZdEXXSLbSsuLwJjkCBWqRQUVA==}
    engines: {node: '>=8.6'}
    dev: false

  /pify@4.0.1:
    resolution: {integrity: sha512-uB80kBFb/tfd68bVleG9T5GGsGPjJrLAUpR5PZIrhBnIaRTQRjqdJSsIKkOP6OAIFbj7GOrcudc5pNjZ+geV2g==}
    engines: {node: '>=6'}
    dev: false

  /prettier@3.0.3:
    resolution: {integrity: sha512-L/4pUDMxcNa8R/EthV08Zt42WBO4h1rarVtK0K+QJG0X187OLo7l699jWw0GKuwzkPQ//jMFA/8Xm6Fh3J/DAg==}
    engines: {node: '>=14'}
    hasBin: true
    dev: true

  /process-nextick-args@2.0.1:
    resolution: {integrity: sha512-3ouUOpQhtgrbOa17J7+uxOTpITYWaGP7/AhoR3+A+/1e9skrzelGi/dXzEYyvbxubEF6Wn2ypscTKiKJFFn1ag==}
    dev: false

  /queue-microtask@1.2.3:
    resolution: {integrity: sha512-NuaNSa6flKT5JaSYQzJok04JzTL1CA6aGhv5rfLW3PgqA+M2ChpZQnAC8h8i4ZFkBS8X5RqkDBHA7r4hej3K9A==}
    dev: false

  /quick-lru@4.0.1:
    resolution: {integrity: sha512-ARhCpm70fzdcvNQfPoy49IaanKkTlRWF2JMzqhcJbhSFRZv7nPTvZJdcY7301IPmvW+/p0RgIWnQDLJxifsQ7g==}
    engines: {node: '>=8'}
    dev: false

  /read-pkg-up@7.0.1:
    resolution: {integrity: sha512-zK0TB7Xd6JpCLmlLmufqykGE+/TlOePD6qKClNW7hHDKFh/J7/7gCWGR7joEQEW1bKq3a3yUZSObOoWLFQ4ohg==}
    engines: {node: '>=8'}
    dependencies:
      find-up: 4.1.0
      read-pkg: 5.2.0
      type-fest: 0.8.1
    dev: false

  /read-pkg@5.2.0:
    resolution: {integrity: sha512-Ug69mNOpfvKDAc2Q8DRpMjjzdtrnv9HcSMX+4VsZxD1aZ6ZzrIE7rlzXBtWTyhULSMKg076AW6WR5iZpD0JiOg==}
    engines: {node: '>=8'}
    dependencies:
      '@types/normalize-package-data': 2.4.2
      normalize-package-data: 2.5.0
      parse-json: 5.2.0
      type-fest: 0.6.0
    dev: false

  /read-yaml-file@1.1.0:
    resolution: {integrity: sha512-VIMnQi/Z4HT2Fxuwg5KrY174U1VdUIASQVWXXyqtNRtxSr9IYkn1rsI6Tb6HsrHCmB7gVpNwX6JxPTHcH6IoTA==}
    engines: {node: '>=6'}
    dependencies:
      graceful-fs: 4.2.11
      js-yaml: 3.14.1
      pify: 4.0.1
      strip-bom: 3.0.0
    dev: false

  /readable-stream@2.3.8:
    resolution: {integrity: sha512-8p0AUk4XODgIewSi0l8Epjs+EVnWiK7NoDIEGU0HhE7+ZyY8D1IMY7odu5lRrFXGg71L15KG8QrPmum45RTtdA==}
    dependencies:
      core-util-is: 1.0.3
      inherits: 2.0.4
      isarray: 1.0.0
      process-nextick-args: 2.0.1
      safe-buffer: 5.1.2
      string_decoder: 1.1.1
      util-deprecate: 1.0.2
    dev: false

  /readable-stream@3.6.2:
    resolution: {integrity: sha512-9u/sniCrY3D5WdsERHzHE4G2YCXqoG5FTHUiCC4SIbr6XcLZBY05ya9EKjYek9O5xOAwjGq+1JdGBAS7Q9ScoA==}
    engines: {node: '>= 6'}
    dependencies:
      inherits: 2.0.4
      string_decoder: 1.3.0
      util-deprecate: 1.0.2
    dev: false

  /redent@3.0.0:
    resolution: {integrity: sha512-6tDA8g98We0zd0GvVeMT9arEOnTw9qM03L9cJXaCjrip1OO764RDBLBfrB4cwzNGDj5OA5ioymC9GkizgWJDUg==}
    engines: {node: '>=8'}
    dependencies:
      indent-string: 4.0.0
      strip-indent: 3.0.0
    dev: false

  /regenerator-runtime@0.14.0:
    resolution: {integrity: sha512-srw17NI0TUWHuGa5CFGGmhfNIeja30WMBfbslPNhf6JrqQlLN5gcrvig1oqPxiVaXb0oW0XRKtH6Nngs5lKCIA==}
    dev: false

  /resolve@1.22.6:
    resolution: {integrity: sha512-njhxM7mV12JfufShqGy3Rz8j11RPdLy4xi15UurGJeoHLfJpVXKdh3ueuOqbYUcDZnffr6X739JBo5LzyahEsw==}
    hasBin: true
    dependencies:
      is-core-module: 2.13.0
      path-parse: 1.0.7
      supports-preserve-symlinks-flag: 1.0.0
    dev: false

  /reusify@1.0.4:
    resolution: {integrity: sha512-U9nH88a3fc/ekCF1l0/UP1IosiuIjyTh7hBvXVMHYgVcfGvt897Xguj2UOLDeI5BG2m7/uwyaLVT6fbtCwTyzw==}
    engines: {iojs: '>=1.0.0', node: '>=0.10.0'}
    dev: false

  /run-parallel@1.2.0:
    resolution: {integrity: sha512-5l4VyZR86LZ/lDxZTR6jqL8AFE2S0IFLMP26AbjsLVADxHdhB/c0GUsH+y39UfCi3dzz8OlQuPmnaJOMoDHQBA==}
    dependencies:
      queue-microtask: 1.2.3
    dev: false

  /safe-buffer@5.1.2:
    resolution: {integrity: sha512-Gd2UZBJDkXlY7GbJxfsE8/nvKkUEU1G38c1siN6QP6a9PT9MmHB8GnpscSmMJSoF8LOIrt8ud/wPtojys4G6+g==}
    dev: false

  /safe-buffer@5.2.1:
    resolution: {integrity: sha512-rp3So07KcdmmKbGvgaNxQSJr7bGVSVk5S9Eq1F+ppbRo70+YeaDxkw5Dd8NPN+GD6bjnYm2VuPuCXmpuYvmCXQ==}
    dev: false

  /semver@5.7.2:
    resolution: {integrity: sha512-cBznnQ9KjJqU67B52RMC65CMarK2600WFnbkcaiwWq3xy/5haFJlshgnpjovMVJ+Hff49d8GEn0b87C5pDQ10g==}
    hasBin: true
    dev: false

  /semver@7.5.4:
    resolution: {integrity: sha512-1bCSESV6Pv+i21Hvpxp3Dx+pSD8lIPt8uVjRrxAUt/nbswYc+tK6Y2btiULjd4+fnq15PX+nqQDC7Oft7WkwcA==}
    engines: {node: '>=10'}
    hasBin: true
    dependencies:
      lru-cache: 6.0.0
    dev: false

  /slash@3.0.0:
    resolution: {integrity: sha512-g9Q1haeby36OSStwb4ntCGGGaKsaVSjQ68fBxoQcutl5fS1vuY18H3wSt3jFyFtrkx+Kz0V1G85A4MyAdDMi2Q==}
    engines: {node: '>=8'}
    dev: false

  /spawn-error-forwarder@1.0.0:
    resolution: {integrity: sha512-gRjMgK5uFjbCvdibeGJuy3I5OYz6VLoVdsOJdA6wV0WlfQVLFueoqMxwwYD9RODdgb6oUIvlRlsyFSiQkMKu0g==}
    dev: false

  /spdx-correct@3.2.0:
    resolution: {integrity: sha512-kN9dJbvnySHULIluDHy32WHRUu3Og7B9sbY7tsFLctQkIqnMh3hErYgdMjTYuqmcXX+lK5T1lnUt3G7zNswmZA==}
    dependencies:
      spdx-expression-parse: 3.0.1
      spdx-license-ids: 3.0.15
    dev: false

  /spdx-exceptions@2.3.0:
    resolution: {integrity: sha512-/tTrYOC7PPI1nUAgx34hUpqXuyJG+DTHJTnIULG4rDygi4xu/tfgmq1e1cIRwRzwZgo4NLySi+ricLkZkw4i5A==}
    dev: false

  /spdx-expression-parse@3.0.1:
    resolution: {integrity: sha512-cbqHunsQWnJNE6KhVSMsMeH5H/L9EpymbzqTQ3uLwNCLZ1Q481oWaofqH7nO6V07xlXwY6PhQdQ2IedWx/ZK4Q==}
    dependencies:
      spdx-exceptions: 2.3.0
      spdx-license-ids: 3.0.15
    dev: false

  /spdx-license-ids@3.0.15:
    resolution: {integrity: sha512-lpT8hSQp9jAKp9mhtBU4Xjon8LPGBvLIuBiSVhMEtmLecTh2mO0tlqrAMp47tBXzMr13NJMQ2lf7RpQGLJ3HsQ==}
    dev: false

  /split2@1.0.0:
    resolution: {integrity: sha512-NKywug4u4pX/AZBB1FCPzZ6/7O+Xhz1qMVbzTvvKvikjO99oPN87SkK08mEY9P63/5lWjK+wgOOgApnTg5r6qg==}
    dependencies:
      through2: 2.0.5
    dev: false

  /split2@3.2.2:
    resolution: {integrity: sha512-9NThjpgZnifTkJpzTZ7Eue85S49QwpNhZTq6GRJwObb6jnLFNGB7Qm73V5HewTROPyxD0C29xqmaI68bQtV+hg==}
    dependencies:
      readable-stream: 3.6.2
    dev: false

  /sprintf-js@1.0.3:
    resolution: {integrity: sha512-D9cPgkvLlV3t3IzL0D0YLvGA9Ahk4PcvVwUbN0dSGr1aP0Nrt4AEnTUbuGvquEC0mA64Gqt1fzirlRs5ibXx8g==}
    dev: false

  /stream-combiner2@1.1.1:
    resolution: {integrity: sha512-3PnJbYgS56AeWgtKF5jtJRT6uFJe56Z0Hc5Ngg/6sI6rIt8iiMBTa9cvdyFfpMQjaVHr8dusbNeFGIIonxOvKw==}
    dependencies:
      duplexer2: 0.1.4
      readable-stream: 2.3.8
    dev: false

  /stream-to-array@2.3.0:
    resolution: {integrity: sha512-UsZtOYEn4tWU2RGLOXr/o/xjRBftZRlG3dEWoaHr8j4GuypJ3isitGbVyjQKAuMu+xbiop8q224TjiZWc4XTZA==}
    dependencies:
      any-promise: 1.3.0
    dev: false

  /string_decoder@1.1.1:
    resolution: {integrity: sha512-n/ShnvDi6FHbbVfviro+WojiFzv+s8MPMHBczVePfUpDJLwoLT0ht1l4YwBCbi8pJAveEEdnkHyPyTP/mzRfwg==}
    dependencies:
      safe-buffer: 5.1.2
    dev: false

  /string_decoder@1.3.0:
    resolution: {integrity: sha512-hkRX8U1WjJFd8LsDJ2yQ/wWWxaopEsABU1XfkM8A+j0+85JAGppt16cr1Whg6KIbb4okU6Mql6BOj+uup/wKeA==}
    dependencies:
      safe-buffer: 5.2.1
    dev: false

  /strip-bom@3.0.0:
    resolution: {integrity: sha512-vavAMRXOgBVNF6nyEEmL3DBK19iRpDcoIwW+swQ+CbGiu7lju6t+JklA1MHweoWtadgt4ISVUsXLyDq34ddcwA==}
    engines: {node: '>=4'}
    dev: false

  /strip-indent@3.0.0:
    resolution: {integrity: sha512-laJTa3Jb+VQpaC6DseHhF7dXVqHTfJPCRDaEbid/drOhgitgYku/letMUqOXFoWV0zIIUbjpdH2t+tYj4bQMRQ==}
    engines: {node: '>=8'}
    dependencies:
      min-indent: 1.0.1
    dev: false

  /supports-color@5.5.0:
    resolution: {integrity: sha512-QjVjwdXIt408MIiAqCX4oUKsgU2EqAGzs2Ppkm4aQYbjm+ZEWEcW4SfFNTr4uMNZma0ey4f5lgLrkB0aX0QMow==}
    engines: {node: '>=4'}
    dependencies:
      has-flag: 3.0.0
    dev: false

  /supports-color@7.2.0:
    resolution: {integrity: sha512-qpCAvRl9stuOHveKsn7HncJRvv501qIacKzQlO/+Lwxc9+0q2wLyv4Dfvt80/DPn2pqOBsJdDiogXGR9+OvwRw==}
    engines: {node: '>=8'}
    dependencies:
      has-flag: 4.0.0
    dev: false

  /supports-preserve-symlinks-flag@1.0.0:
    resolution: {integrity: sha512-ot0WnXS9fgdkgIcePe6RHNk1WA8+muPa6cSjeR3V8K27q9BB1rTE3R1p7Hv0z1ZyAc8s6Vvv8DIyWf681MAt0w==}
    engines: {node: '>= 0.4'}
    dev: false

  /text-extensions@1.9.0:
    resolution: {integrity: sha512-wiBrwC1EhBelW12Zy26JeOUkQ5mRu+5o8rpsJk5+2t+Y5vE7e842qtZDQ2g1NpX/29HdyFeJ4nSIhI47ENSxlQ==}
    engines: {node: '>=0.10'}
    dev: false

  /through2@2.0.5:
    resolution: {integrity: sha512-/mrRod8xqpA+IHSLyGCQ2s8SPHiCDEeQJSep1jqLYeEUClOFG2Qsh+4FU6G9VeqpZnGW/Su8LQGc4YKni5rYSQ==}
    dependencies:
      readable-stream: 2.3.8
      xtend: 4.0.2
    dev: false

  /through@2.3.8:
    resolution: {integrity: sha512-w89qg7PI8wAdvX60bMDP+bFoD5Dvhm9oLheFp5O4a2QF0cSBGsBX4qZmadPMvVqlLJBBci+WqGGOAPvcDeNSVg==}
    dev: false

  /to-regex-range@5.0.1:
    resolution: {integrity: sha512-65P7iz6X5yEr1cwcgvQxbbIw7Uk3gOy5dIdtZ4rDveLqhrdJP+Li/Hx6tyK0NEb+2GCyneCMJiGqrADCSNk8sQ==}
    engines: {node: '>=8.0'}
    dependencies:
      is-number: 7.0.0
    dev: false

  /traverse@0.6.7:
    resolution: {integrity: sha512-/y956gpUo9ZNCb99YjxG7OaslxZWHfCHAUUfshwqOXmxUIvqLjVO581BT+gM59+QV9tFe6/CGG53tsA1Y7RSdg==}
    dev: false

  /trim-newlines@3.0.1:
    resolution: {integrity: sha512-c1PTsA3tYrIsLGkJkzHF+w9F2EyxfXGo4UyJc4pFL++FMjnq0HJS69T3M7d//gKrFKwy429bouPescbjecU+Zw==}
    engines: {node: '>=8'}
    dev: false

  /type-fest@0.18.1:
    resolution: {integrity: sha512-OIAYXk8+ISY+qTOwkHtKqzAuxchoMiD9Udx+FSGQDuiRR+PJKJHc2NJAXlbhkGwTt/4/nKZxELY1w3ReWOL8mw==}
    engines: {node: '>=10'}
    dev: false

  /type-fest@0.6.0:
    resolution: {integrity: sha512-q+MB8nYR1KDLrgr4G5yemftpMC7/QLqVndBmEEdqzmNj5dcFOO4Oo8qlwZE3ULT3+Zim1F8Kq4cBnikNhlCMlg==}
    engines: {node: '>=8'}
    dev: false

  /type-fest@0.8.1:
    resolution: {integrity: sha512-4dbzIzqvjtgiM5rw1k5rEHtBANKmdudhGyBEajN01fEyhaAIhsoKNy6y7+IN93IfpFtwY9iqi7kD+xwKhQsNJA==}
    engines: {node: '>=8'}
    dev: false

  /type-fest@4.3.3:
    resolution: {integrity: sha512-bxhiFii6BBv6UiSDq7uKTMyADT9unXEl3ydGefndVLxFeB44LRbT4K7OJGDYSyDrKnklCC1Pre68qT2wbUl2Aw==}
    engines: {node: '>=16'}
    dev: true

  /typescript@5.2.2:
    resolution: {integrity: sha512-mI4WrpHsbCIcwT9cF4FZvr80QUeKvsUsUvKDoR+X/7XHQH98xYD8YHZg7ANtz2GtZt/CBq2QJ0thkGJMHfqc1w==}
    engines: {node: '>=14.17'}
    hasBin: true
    dev: true

  /universalify@0.1.2:
    resolution: {integrity: sha512-rBJeI5CXAlmy1pV+617WB9J63U6XcazHHF2f2dbJix4XzpUF0RS3Zbj0FGIOCAva5P/d/GBOYaACQ1w+0azUkg==}
    engines: {node: '>= 4.0.0'}
    dev: false

  /util-deprecate@1.0.2:
    resolution: {integrity: sha512-EPD5q1uXyFxJpCrLnCc1nHnq3gOa6DZBocAIiI2TaSCA7VCJ1UJDMagCzIkXNsUYfD1daK//LTEQ8xiIbrHtcw==}
    dev: false

  /validate-npm-package-license@3.0.4:
    resolution: {integrity: sha512-DpKm2Ui/xN7/HQKCtpZxoRWBhZ9Z0kqtygG8XCgNQ8ZlDnxuQmWhj566j8fN4Cu3/JmbhsDo7fcAJq4s9h27Ew==}
    dependencies:
      spdx-correct: 3.2.0
      spdx-expression-parse: 3.0.1
    dev: false

  /xtend@4.0.2:
    resolution: {integrity: sha512-LKYU1iAXJXUgAXn9URjiu+MWhyUXHsvfp7mcuYm9dSUKK0/CjtrUwFAxD82/mCWbtLsGjFIad0wIsod4zrTAEQ==}
    engines: {node: '>=0.4'}
    dev: false

  /yallist@4.0.0:
    resolution: {integrity: sha512-3wdGidZyq5PB084XLES5TpOSRA3wjXAlIWMhum2kRcv/41Sn2emQ0dycQW4uZXLejwKvg6EsvbdlVL+FYEct7A==}
    dev: false

  /yargs-parser@20.2.9:
    resolution: {integrity: sha512-y11nGElTIV+CT3Zv9t7VKl+Q3hTQoT9a1Qzezhhl6Rp21gJ/IVTW7Z3y9EWXhuUBC2Shnf+DX0antecpAwSP8w==}
    engines: {node: '>=10'}
    dev: false

  /yoctocolors@1.0.0:
    resolution: {integrity: sha512-qJNAmSF77lWjfRVwCZK3PcKYWrr+55RUQTiXDxXHGbxzf8WuuRgftIB3hqZ5fykjOF/MC62cazsG/2ZDBedOnQ==}
    engines: {node: '>=14.16'}
    dev: false
